
Microsoft Visual Studio Solution File, Format Version 12.00
# Visual Studio Version 17
VisualStudioVersion = 17.5.002.0
MinimumVisualStudioVersion = 10.0.40219.1
Project("{2150E333-8FDC-42A3-9474-1A3956D46DE8}") = "api", "api", "{20474F22-A0F3-4702-9594-301ADCF613A6}"
EndProject
Project("{9A19103F-16F7-4668-BE54-9A1E7A4F7556}") = "todoapi", "api\todoapi\todoapi.csproj", "{F87E8DC5-C05A-4E11-AF0C-197408C56D8C}"
EndProject
Global
	GlobalSection(SolutionConfigurationPlatforms) = preSolution
		Debug|Any CPU = Debug|Any CPU
		Release|Any CPU = Release|Any CPU
	EndGlobalSection
	GlobalSection(ProjectConfigurationPlatforms) = postSolution
		{F87E8DC5-C05A-4E11-AF0C-197408C56D8C}.Debug|Any CPU.ActiveCfg = Debug|Any CPU
		{F87E8DC5-C05A-4E11-AF0C-197408C56D8C}.Debug|Any CPU.Build.0 = Debug|Any CPU
		{F87E8DC5-C05A-4E11-AF0C-197408C56D8C}.Release|Any CPU.ActiveCfg = Release|Any CPU
		{F87E8DC5-C05A-4E11-AF0C-197408C56D8C}.Release|Any CPU.Build.0 = Release|Any CPU
	EndGlobalSection
	GlobalSection(SolutionProperties) = preSolution
		HideSolutionNode = FALSE
	EndGlobalSection
	GlobalSection(NestedProjects) = preSolution
		{F87E8DC5-C05A-4E11-AF0C-197408C56D8C} = {20474F22-A0F3-4702-9594-301ADCF613A6}
	EndGlobalSection
	GlobalSection(ExtensibilityGlobals) = postSolution
		SolutionGuid = {6667DEAF-8083-4E8F-B3FD-EBA2901322C7}
	EndGlobalSection
EndGlobal
